
Microsoft Visual Studio Solution File, Format Version 12.00
# Visual Studio Version 17
VisualStudioVersion = 17.1.32421.90
MinimumVisualStudioVersion = 10.0.40219.1
Project("{FAE04EC0-301F-11D3-BF4B-00C04F79EFBC}") = "Estoque", "Estoque\Estoque.csproj", "{BE747A70-3C15-42A7-A24F-33595222E815}"
EndProject
Global
	GlobalSection(SolutionConfigurationPlatforms) = preSolution
		Debug|Any CPU = Debug|Any CPU
		Release|Any CPU = Release|Any CPU
	EndGlobalSection
	GlobalSection(ProjectConfigurationPlatforms) = postSolution
		{BE747A70-3C15-42A7-A24F-33595222E815}.Debug|Any CPU.ActiveCfg = Debug|Any CPU
		{BE747A70-3C15-42A7-A24F-33595222E815}.Debug|Any CPU.Build.0 = Debug|Any CPU
		{BE747A70-3C15-42A7-A24F-33595222E815}.Release|Any CPU.ActiveCfg = Release|Any CPU
		{BE747A70-3C15-42A7-A24F-33595222E815}.Release|Any CPU.Build.0 = Release|Any CPU
	EndGlobalSection
	GlobalSection(SolutionProperties) = preSolution
		HideSolutionNode = FALSE
	EndGlobalSection
	GlobalSection(ExtensibilityGlobals) = postSolution
		SolutionGuid = {3DEE2A4B-D37D-4FD2-BE2A-90BE1B5893D1}
	EndGlobalSection
EndGlobal
